{
  "sources": {
    "apt": {
      "locked_version": "1.9.2"
    },
    "libssl": {
      "locked_version": "0.1.0",
      "git": "git@github.com:rricard/libssl.git",
      "ref": "17ad6262f1e5c92cdaafe670b5c25164997c711f"
    },
    "git": {
      "locked_version": "2.5.0"
    },
    "nodejs": {
      "locked_version": "1.1.2"
    },
    "mongodb": {
      "locked_version": "0.11.0"
    },
    "dmg": {
      "locked_version": "1.1.0"
    },
    "build-essential": {
      "locked_version": "1.4.0"
    },
    "yum": {
      "locked_version": "2.3.0"
    },
    "windows": {
      "locked_version": "1.10.0"
    },
    "chef_handler": {
      "locked_version": "1.1.4"
    },
    "runit": {
      "locked_version": "1.1.6"
    }
  }
}
